
Microsoft Visual Studio Solution File, Format Version 12.00
# Visual Studio Version 17
VisualStudioVersion = 17.3.32825.248
MinimumVisualStudioVersion = 10.0.40219.1
Project("{8BC9CEB8-8B4A-11D0-8D11-00A0C91BC942}") = "vector_add", "vector_add\vector_add.vcxproj", "{07C2641D-FF98-4712-AFF7-36816DEE2FA7}"
EndProject
Project("{8BC9CEB8-8B4A-11D0-8D11-00A0C91BC942}") = "common", "common\common.vcxproj", "{7CD6133B-7A18-45BD-B13A-7BFF5397AA14}"
EndProject
Global
	GlobalSection(SolutionConfigurationPlatforms) = preSolution
		Debug|x64 = Debug|x64
		Release|x64 = Release|x64
	EndGlobalSection
	GlobalSection(ProjectConfigurationPlatforms) = postSolution
		{07C2641D-FF98-4712-AFF7-36816DEE2FA7}.Debug|x64.ActiveCfg = Debug|x64
		{07C2641D-FF98-4712-AFF7-36816DEE2FA7}.Debug|x64.Build.0 = Debug|x64
		{07C2641D-FF98-4712-AFF7-36816DEE2FA7}.Release|x64.ActiveCfg = Release|x64
		{07C2641D-FF98-4712-AFF7-36816DEE2FA7}.Release|x64.Build.0 = Release|x64
		{7CD6133B-7A18-45BD-B13A-7BFF5397AA14}.Debug|x64.ActiveCfg = Debug|x64
		{7CD6133B-7A18-45BD-B13A-7BFF5397AA14}.Debug|x64.Build.0 = Debug|x64
		{7CD6133B-7A18-45BD-B13A-7BFF5397AA14}.Release|x64.ActiveCfg = Release|x64
		{7CD6133B-7A18-45BD-B13A-7BFF5397AA14}.Release|x64.Build.0 = Release|x64
	EndGlobalSection
	GlobalSection(SolutionProperties) = preSolution
		HideSolutionNode = FALSE
	EndGlobalSection
	GlobalSection(ExtensibilityGlobals) = postSolution
		SolutionGuid = {B1E18D55-0FD8-4DB9-BE4B-A8DDBB3E48BD}
	EndGlobalSection
EndGlobal
